
Microsoft Visual Studio Solution File, Format Version 12.00
# Visual Studio Version 17
VisualStudioVersion = 17.10.34928.147
MinimumVisualStudioVersion = 10.0.40219.1
Project("{FAE04EC0-301F-11D3-BF4B-00C04F79EFBC}") = "21BITV03_Nhom04_website_clothes", "21BITV03_Nhom04_website_clothes\21BITV03_Nhom04_website_clothes.csproj", "{AB84F882-2243-4752-A94D-7493C5F298BE}"
EndProject
Global
	GlobalSection(SolutionConfigurationPlatforms) = preSolution
		Debug|Any CPU = Debug|Any CPU
		Release|Any CPU = Release|Any CPU
	EndGlobalSection
	GlobalSection(ProjectConfigurationPlatforms) = postSolution
		{AB84F882-2243-4752-A94D-7493C5F298BE}.Debug|Any CPU.ActiveCfg = Debug|Any CPU
		{AB84F882-2243-4752-A94D-7493C5F298BE}.Debug|Any CPU.Build.0 = Debug|Any CPU
		{AB84F882-2243-4752-A94D-7493C5F298BE}.Release|Any CPU.ActiveCfg = Release|Any CPU
		{AB84F882-2243-4752-A94D-7493C5F298BE}.Release|Any CPU.Build.0 = Release|Any CPU
	EndGlobalSection
	GlobalSection(SolutionProperties) = preSolution
		HideSolutionNode = FALSE
	EndGlobalSection
	GlobalSection(ExtensibilityGlobals) = postSolution
		SolutionGuid = {A56A3927-DF4E-4EFD-8F12-FF9074DC5523}
	EndGlobalSection
EndGlobal
